{
    "_readme": [
        "This file locks the dependencies of your project to a known state",
        "Read more about it at https://getcomposer.org/doc/01-basic-usage.md#composer-lock-the-lock-file",
        "This file is @generated automatically"
    ],
    "hash": "82d8a1cbfac60123f50fa59dd177dde0",
    "content-hash": "9eeb1d427ceca046f2417af9b5e2a67f",
    "packages": [
        {
            "name": "picqer/php-barcode-generator",
            "version": "v0.2.2",
            "source": {
                "type": "git",
                "url": "https://github.com/picqer/php-barcode-generator.git",
                "reference": "f754cbd592f3131af144dfcc6a3090fd0f6d1793"
            },
            "dist": {
                "type": "zip",
                "url": "https://api.github.com/repos/picqer/php-barcode-generator/zipball/f754cbd592f3131af144dfcc6a3090fd0f6d1793",
                "reference": "f754cbd592f3131af144dfcc6a3090fd0f6d1793",
                "shasum": ""
            },
            "require": {
                "php": ">=5.4.0"
            },
            "require-dev": {
                "phpunit/phpunit": "^5.3"
            },
            "type": "library",
            "autoload": {
                "psr-4": {
                    "Picqer\\Barcode\\": "src"
                }
            },
            "notification-url": "https://packagist.org/downloads/",
            "license": [
                "LGPLv3"
            ],
            "authors": [
                {
                    "name": "Nicola Asuni",
                    "email": "info@tecnick.com",
                    "homepage": "http://nicolaasuni.tecnick.com"
                },
                {
                    "name": "Casper Bakker",
                    "email": "info@picqer.com"
                }
            ],
            "description": "An easy to use, non-bloated, barcode generator in PHP. Creates SVG, PNG, JPG and HTML images from the most used 1D barcode standards.",
            "homepage": "http://github.com/picqer/php-barcode-generator",
            "keywords": [
                "CODABAR",
                "Code11",
                "Code93",
                "EAN13",
                "KIX",
                "KIXCODE",
                "MSI",
                "POSTNET",
                "Pharma",
                "Standard 2 of 5",
                "barcode",
                "barcode generator",
                "code128",
                "code39",
                "ean",
                "html",
                "jpeg",
                "jpg",
                "php",
                "png",
                "svg",
                "upc"
            ],
            "time": "2017-09-28 19:23:19"
        }
    ],
    "packages-dev": [],
    "aliases": [],
    "minimum-stability": "stable",
    "stability-flags": [],
    "prefer-stable": false,
    "prefer-lowest": false,
    "platform": [],
    "platform-dev": []
}
